<?xml version="1.0" encoding="utf-8"?>
<Project ToolsVersion="4.0" xmlns="http://schemas.microsoft.com/developer/msbuild/2003">
  <ItemGroup>
    <Filter Include="源文件">
      <UniqueIdentifier>{4FC737F1-C7A5-4376-A066-2A32D752A2FF}</UniqueIdentifier>
      <Extensions>cpp;c;cc;cxx;def;odl;idl;hpj;bat;asm;asmx</Extensions>
    </Filter>
    <Filter Include="头文件">
      <UniqueIdentifier>{93995380-89BD-4b04-88EB-625FBE52EBFB}</UniqueIdentifier>
      <Extensions>h;hpp;hxx;hm;inl;inc;xsd</Extensions>
    </Filter>
    <Filter Include="资源文件">
      <UniqueIdentifier>{67DA6AB6-F800-4c08-8B7A-83BB121AAD01}</UniqueIdentifier>
      <Extensions>rc;ico;cur;bmp;dlg;rc2;rct;bin;rgs;gif;jpg;jpeg;jpe;resx;tiff;tif;png;wav;mfcribbon-ms</Extensions>
    </Filter>
  </ItemGroup>
  <ItemGroup>
    <ClCompile Include="Audio.cpp">
      <Filter>源文件</Filter>
    </ClCompile>
    <ClCompile Include="AudioManager.cpp">
      <Filter>源文件</Filter>
    </ClCompile>
    <ClCompile Include="Buffer.cpp">
      <Filter>源文件</Filter>
    </ClCompile>
    <ClCompile Include="CaptureVideo.cpp">
      <Filter>源文件</Filter>
    </ClCompile>
    <ClCompile Include="ClientDll.cpp">
      <Filter>源文件</Filter>
    </ClCompile>
    <ClCompile Include="Common.cpp">
      <Filter>源文件</Filter>
    </ClCompile>
    <ClCompile Include="FileManager.cpp">
      <Filter>源文件</Filter>
    </ClCompile>
    <ClCompile Include="IOCPClient.cpp">
      <Filter>源文件</Filter>
    </ClCompile>
    <ClCompile Include="KernelManager.cpp">
      <Filter>源文件</Filter>
    </ClCompile>
    <ClCompile Include="LoginServer.cpp">
      <Filter>源文件</Filter>
    </ClCompile>
    <ClCompile Include="Manager.cpp">
      <Filter>源文件</Filter>
    </ClCompile>
    <ClCompile Include="RegisterManager.cpp">
      <Filter>源文件</Filter>
    </ClCompile>
    <ClCompile Include="RegisterOperation.cpp">
      <Filter>源文件</Filter>
    </ClCompile>
    <ClCompile Include="ScreenManager.cpp">
      <Filter>源文件</Filter>
    </ClCompile>
    <ClCompile Include="ScreenSpy.cpp">
      <Filter>源文件</Filter>
    </ClCompile>
    <ClCompile Include="ServicesManager.cpp">
      <Filter>源文件</Filter>
    </ClCompile>
    <ClCompile Include="ShellManager.cpp">
      <Filter>源文件</Filter>
    </ClCompile>
    <ClCompile Include="StdAfx.cpp">
      <Filter>源文件</Filter>
    </ClCompile>
    <ClCompile Include="SystemManager.cpp">
      <Filter>源文件</Filter>
    </ClCompile>
    <ClCompile Include="TalkManager.cpp">
      <Filter>源文件</Filter>
    </ClCompile>
    <ClCompile Include="VideoManager.cpp">
      <Filter>源文件</Filter>
    </ClCompile>
  </ItemGroup>
  <ItemGroup>
    <ClInclude Include="Audio.h">
      <Filter>头文件</Filter>
    </ClInclude>
    <ClInclude Include="AudioManager.h">
      <Filter>头文件</Filter>
    </ClInclude>
    <ClInclude Include="Buffer.h">
      <Filter>头文件</Filter>
    </ClInclude>
    <ClInclude Include="CaptureVideo.h">
      <Filter>头文件</Filter>
    </ClInclude>
    <ClInclude Include="Common.h">
      <Filter>头文件</Filter>
    </ClInclude>
    <ClInclude Include="FileManager.h">
      <Filter>头文件</Filter>
    </ClInclude>
    <ClInclude Include="IOCPClient.h">
      <Filter>头文件</Filter>
    </ClInclude>
    <ClInclude Include="KernelManager.h">
      <Filter>头文件</Filter>
    </ClInclude>
    <ClInclude Include="LoginServer.h">
      <Filter>头文件</Filter>
    </ClInclude>
    <ClInclude Include="Manager.h">
      <Filter>头文件</Filter>
    </ClInclude>
    <ClInclude Include="RegisterManager.h">
      <Filter>头文件</Filter>
    </ClInclude>
    <ClInclude Include="RegisterOperation.h">
      <Filter>头文件</Filter>
    </ClInclude>
    <ClInclude Include="resource.h">
      <Filter>头文件</Filter>
    </ClInclude>
    <ClInclude Include="ScreenManager.h">
      <Filter>头文件</Filter>
    </ClInclude>
    <ClInclude Include="ScreenSpy.h">
      <Filter>头文件</Filter>
    </ClInclude>
    <ClInclude Include="ServicesManager.h">
      <Filter>头文件</Filter>
    </ClInclude>
    <ClInclude Include="ShellManager.h">
      <Filter>头文件</Filter>
    </ClInclude>
    <ClInclude Include="StdAfx.h">
      <Filter>头文件</Filter>
    </ClInclude>
    <ClInclude Include="SystemManager.h">
      <Filter>头文件</Filter>
    </ClInclude>
    <ClInclude Include="TalkManager.h">
      <Filter>头文件</Filter>
    </ClInclude>
    <ClInclude Include="VideoCodec.h">
      <Filter>头文件</Filter>
    </ClInclude>
    <ClInclude Include="VideoManager.h">
      <Filter>头文件</Filter>
    </ClInclude>
    <ClInclude Include="zconf.h">
      <Filter>头文件</Filter>
    </ClInclude>
    <ClInclude Include="zlib.h">
      <Filter>头文件</Filter>
    </ClInclude>
    <ClInclude Include="CursorInfo.h">
      <Filter>头文件</Filter>
    </ClInclude>
  </ItemGroup>
  <ItemGroup>
    <ResourceCompile Include="Script.rc">
      <Filter>资源文件</Filter>
    </ResourceCompile>
  </ItemGroup>
  <ItemGroup>
    <None Include="ExportFunTable.def">
      <Filter>资源文件</Filter>
    </None>
  </ItemGroup>
  <ItemGroup>
    <Media Include="Res\msg.wav">
      <Filter>资源文件</Filter>
    </Media>
  </ItemGroup>
  <ItemGroup>
    <Image Include="Res\ghost.ico">
      <Filter>资源文件</Filter>
    </Image>
    <Image Include="Res\msg.ico">
      <Filter>资源文件</Filter>
    </Image>
  </ItemGroup>
</Project>