
Microsoft Visual Studio Solution File, Format Version 12.00
# Visual Studio Version 16
VisualStudioVersion = 16.0.35425.106
MinimumVisualStudioVersion = 10.0.40219.1
Project("{8BC9CEB8-8B4A-11D0-8D11-00A0C91BC942}") = "Yama", "server\2015Remote\2015Remote_vs2015.vcxproj", "{D58E96CD-C41F-4DD1-9502-EF1CB7AC65E5}"
EndProject
Project("{8BC9CEB8-8B4A-11D0-8D11-00A0C91BC942}") = "ghost", "client\ghost_vs2015.vcxproj", "{3F756E52-23C2-4EE4-A184-37CF788D50A7}"
EndProject
Project("{8BC9CEB8-8B4A-11D0-8D11-00A0C91BC942}") = "TestRun", "client\TestRun_vs2015.vcxproj", "{B5D7F0E5-E735-4B17-91AE-866CE7E6ABD3}"
EndProject
Project("{8BC9CEB8-8B4A-11D0-8D11-00A0C91BC942}") = "ServerDll", "client\ClientDll_vs2015.vcxproj", "{BEBAF888-532D-40D3-A8DD-DDAAF69F49AA}"
EndProject
Project("{2150E333-8FDC-42A3-9474-1A3956D46DE8}") = "Solution Items", "Solution Items", "{70702583-26EE-47E0-9847-4D58F9449F4C}"
	ProjectSection(SolutionItems) = preProject
		Dependencies.md = Dependencies.md
		history.md = history.md
		ReadMe.md = ReadMe.md
		ReadMe_EN.md = ReadMe_EN.md
		使用方法.txt = 使用方法.txt
		使用花生壳.txt = 使用花生壳.txt
		反向代理.md = 反向代理.md
	EndProjectSection
EndProject
Project("{8BC9CEB8-8B4A-11D0-8D11-00A0C91BC942}") = "TinyRun", "client\TinyRun.vcxproj", "{E3F3A477-05BA-431D-B002-28EF8BFA6E86}"
EndProject
Global
	GlobalSection(SolutionConfigurationPlatforms) = preSolution
		Debug|x64 = Debug|x64
		Debug|x86 = Debug|x86
		Release|x64 = Release|x64
		Release|x86 = Release|x86
	EndGlobalSection
	GlobalSection(ProjectConfigurationPlatforms) = postSolution
		{D58E96CD-C41F-4DD1-9502-EF1CB7AC65E5}.Debug|x64.ActiveCfg = Debug|x64
		{D58E96CD-C41F-4DD1-9502-EF1CB7AC65E5}.Debug|x64.Build.0 = Debug|x64
		{D58E96CD-C41F-4DD1-9502-EF1CB7AC65E5}.Debug|x86.ActiveCfg = Debug|Win32
		{D58E96CD-C41F-4DD1-9502-EF1CB7AC65E5}.Debug|x86.Build.0 = Debug|Win32
		{D58E96CD-C41F-4DD1-9502-EF1CB7AC65E5}.Release|x64.ActiveCfg = Release|x64
		{D58E96CD-C41F-4DD1-9502-EF1CB7AC65E5}.Release|x64.Build.0 = Release|x64
		{D58E96CD-C41F-4DD1-9502-EF1CB7AC65E5}.Release|x86.ActiveCfg = Release|Win32
		{D58E96CD-C41F-4DD1-9502-EF1CB7AC65E5}.Release|x86.Build.0 = Release|Win32
		{3F756E52-23C2-4EE4-A184-37CF788D50A7}.Debug|x64.ActiveCfg = Debug|x64
		{3F756E52-23C2-4EE4-A184-37CF788D50A7}.Debug|x64.Build.0 = Debug|x64
		{3F756E52-23C2-4EE4-A184-37CF788D50A7}.Debug|x86.ActiveCfg = Debug|Win32
		{3F756E52-23C2-4EE4-A184-37CF788D50A7}.Debug|x86.Build.0 = Debug|Win32
		{3F756E52-23C2-4EE4-A184-37CF788D50A7}.Release|x64.ActiveCfg = Release|x64
		{3F756E52-23C2-4EE4-A184-37CF788D50A7}.Release|x64.Build.0 = Release|x64
		{3F756E52-23C2-4EE4-A184-37CF788D50A7}.Release|x86.ActiveCfg = Release|Win32
		{3F756E52-23C2-4EE4-A184-37CF788D50A7}.Release|x86.Build.0 = Release|Win32
		{B5D7F0E5-E735-4B17-91AE-866CE7E6ABD3}.Debug|x64.ActiveCfg = Debug|x64
		{B5D7F0E5-E735-4B17-91AE-866CE7E6ABD3}.Debug|x64.Build.0 = Debug|x64
		{B5D7F0E5-E735-4B17-91AE-866CE7E6ABD3}.Debug|x86.ActiveCfg = Debug|Win32
		{B5D7F0E5-E735-4B17-91AE-866CE7E6ABD3}.Debug|x86.Build.0 = Debug|Win32
		{B5D7F0E5-E735-4B17-91AE-866CE7E6ABD3}.Release|x64.ActiveCfg = Release|x64
		{B5D7F0E5-E735-4B17-91AE-866CE7E6ABD3}.Release|x64.Build.0 = Release|x64
		{B5D7F0E5-E735-4B17-91AE-866CE7E6ABD3}.Release|x86.ActiveCfg = Release|Win32
		{B5D7F0E5-E735-4B17-91AE-866CE7E6ABD3}.Release|x86.Build.0 = Release|Win32
		{BEBAF888-532D-40D3-A8DD-DDAAF69F49AA}.Debug|x64.ActiveCfg = Debug|x64
		{BEBAF888-532D-40D3-A8DD-DDAAF69F49AA}.Debug|x64.Build.0 = Debug|x64
		{BEBAF888-532D-40D3-A8DD-DDAAF69F49AA}.Debug|x86.ActiveCfg = Debug|Win32
		{BEBAF888-532D-40D3-A8DD-DDAAF69F49AA}.Debug|x86.Build.0 = Debug|Win32
		{BEBAF888-532D-40D3-A8DD-DDAAF69F49AA}.Release|x64.ActiveCfg = Release|x64
		{BEBAF888-532D-40D3-A8DD-DDAAF69F49AA}.Release|x64.Build.0 = Release|x64
		{BEBAF888-532D-40D3-A8DD-DDAAF69F49AA}.Release|x86.ActiveCfg = Release|Win32
		{BEBAF888-532D-40D3-A8DD-DDAAF69F49AA}.Release|x86.Build.0 = Release|Win32
		{E3F3A477-05BA-431D-B002-28EF8BFA6E86}.Debug|x64.ActiveCfg = Debug|x64
		{E3F3A477-05BA-431D-B002-28EF8BFA6E86}.Debug|x64.Build.0 = Debug|x64
		{E3F3A477-05BA-431D-B002-28EF8BFA6E86}.Debug|x86.ActiveCfg = Debug|Win32
		{E3F3A477-05BA-431D-B002-28EF8BFA6E86}.Debug|x86.Build.0 = Debug|Win32
		{E3F3A477-05BA-431D-B002-28EF8BFA6E86}.Release|x64.ActiveCfg = Release|x64
		{E3F3A477-05BA-431D-B002-28EF8BFA6E86}.Release|x64.Build.0 = Release|x64
		{E3F3A477-05BA-431D-B002-28EF8BFA6E86}.Release|x86.ActiveCfg = Release|Win32
		{E3F3A477-05BA-431D-B002-28EF8BFA6E86}.Release|x86.Build.0 = Release|Win32
	EndGlobalSection
	GlobalSection(SolutionProperties) = preSolution
		HideSolutionNode = FALSE
	EndGlobalSection
	GlobalSection(ExtensibilityGlobals) = postSolution
		SolutionGuid = {B1D72004-04EB-4DFF-879C-BCB05C75DFA4}
	EndGlobalSection
EndGlobal
