
Microsoft Visual Studio Solution File, Format Version 12.00
# Visual Studio 2012
Project("{8BC9CEB8-8B4A-11D0-8D11-00A0C91BC942}") = "Yama", "2015Remote\2015Remote.vcxproj", "{D58E96CD-C41F-4DD1-9502-EF1CB7AC65E5}"
	ProjectSection(ProjectDependencies) = postProject
		{3F756E52-23C2-4EE4-A184-37CF788D50A7} = {3F756E52-23C2-4EE4-A184-37CF788D50A7}
	EndProjectSection
EndProject
Project("{8BC9CEB8-8B4A-11D0-8D11-00A0C91BC942}") = "ServerDll", "..\client\ClientDll.vcxproj", "{BEBAF888-532D-40D3-A8DD-DDAAF69F49AA}"
EndProject
Project("{8BC9CEB8-8B4A-11D0-8D11-00A0C91BC942}") = "TestRun", "..\client\TestRun.vcxproj", "{B5D7F0E5-E735-4B17-91AE-866CE7E6ABD3}"
	ProjectSection(ProjectDependencies) = postProject
		{BEBAF888-532D-40D3-A8DD-DDAAF69F49AA} = {BEBAF888-532D-40D3-A8DD-DDAAF69F49AA}
	EndProjectSection
EndProject
Project("{8BC9CEB8-8B4A-11D0-8D11-00A0C91BC942}") = "ghost", "..\client\ghost.vcxproj", "{3F756E52-23C2-4EE4-A184-37CF788D50A7}"
EndProject
Global
	GlobalSection(SolutionConfigurationPlatforms) = preSolution
		Debug|Win32 = Debug|Win32
		Release|Win32 = Release|Win32
	EndGlobalSection
	GlobalSection(ProjectConfigurationPlatforms) = postSolution
		{D58E96CD-C41F-4DD1-9502-EF1CB7AC65E5}.Debug|Win32.ActiveCfg = Debug|Win32
		{D58E96CD-C41F-4DD1-9502-EF1CB7AC65E5}.Debug|Win32.Build.0 = Debug|Win32
		{D58E96CD-C41F-4DD1-9502-EF1CB7AC65E5}.Release|Win32.ActiveCfg = Release|Win32
		{D58E96CD-C41F-4DD1-9502-EF1CB7AC65E5}.Release|Win32.Build.0 = Release|Win32
		{BEBAF888-532D-40D3-A8DD-DDAAF69F49AA}.Debug|Win32.ActiveCfg = Debug|Win32
		{BEBAF888-532D-40D3-A8DD-DDAAF69F49AA}.Debug|Win32.Build.0 = Debug|Win32
		{BEBAF888-532D-40D3-A8DD-DDAAF69F49AA}.Release|Win32.ActiveCfg = Release|Win32
		{BEBAF888-532D-40D3-A8DD-DDAAF69F49AA}.Release|Win32.Build.0 = Release|Win32
		{B5D7F0E5-E735-4B17-91AE-866CE7E6ABD3}.Debug|Win32.ActiveCfg = Debug|Win32
		{B5D7F0E5-E735-4B17-91AE-866CE7E6ABD3}.Debug|Win32.Build.0 = Debug|Win32
		{B5D7F0E5-E735-4B17-91AE-866CE7E6ABD3}.Release|Win32.ActiveCfg = Release|Win32
		{B5D7F0E5-E735-4B17-91AE-866CE7E6ABD3}.Release|Win32.Build.0 = Release|Win32
		{3F756E52-23C2-4EE4-A184-37CF788D50A7}.Debug|Win32.ActiveCfg = Debug|Win32
		{3F756E52-23C2-4EE4-A184-37CF788D50A7}.Debug|Win32.Build.0 = Debug|Win32
		{3F756E52-23C2-4EE4-A184-37CF788D50A7}.Release|Win32.ActiveCfg = Release|Win32
		{3F756E52-23C2-4EE4-A184-37CF788D50A7}.Release|Win32.Build.0 = Release|Win32
	EndGlobalSection
	GlobalSection(SolutionProperties) = preSolution
		HideSolutionNode = FALSE
	EndGlobalSection
EndGlobal
