<?xml version="1.0" encoding="utf-8"?>
<Project ToolsVersion="4.0" xmlns="http://schemas.microsoft.com/developer/msbuild/2003">
  <ItemGroup>
    <ClCompile Include="..\..\client\Audio.cpp" />
    <ClCompile Include="..\..\client\MemoryModule.c" />
    <ClCompile Include="..\..\common\aes.c" />
    <ClCompile Include="2015Remote.cpp" />
    <ClCompile Include="2015RemoteDlg.cpp" />
    <ClCompile Include="AudioDlg.cpp" />
    <ClCompile Include="Buffer.cpp" />
    <ClCompile Include="BuildDlg.cpp" />
    <ClCompile Include="Chat.cpp" />
    <ClCompile Include="CPasswordDlg.cpp" />
    <ClCompile Include="CTextDlg.cpp" />
    <ClCompile Include="DecryptDlg.cpp" />
    <ClCompile Include="EditDialog.cpp" />
    <ClCompile Include="FileManagerDlg.cpp" />
    <ClCompile Include="FileTransferModeDlg.cpp" />
    <ClCompile Include="HideScreenSpyDlg.cpp" />
    <ClCompile Include="InputDlg.cpp" />
    <ClCompile Include="IOCPServer.cpp" />
    <ClCompile Include="KeyBoardDlg.cpp" />
    <ClCompile Include="Loader.c" />
    <ClCompile Include="proxy\ProxyConnectServer.cpp" />
    <ClCompile Include="proxy\ProxyMapDlg.cpp" />
    <ClCompile Include="pwd_gen.cpp" />
    <ClCompile Include="RegisterDlg.cpp" />
    <ClCompile Include="ScreenSpyDlg.cpp" />
    <ClCompile Include="ServicesDlg.cpp" />
    <ClCompile Include="SettingDlg.cpp" />
    <ClCompile Include="ShellDlg.cpp" />
    <ClCompile Include="SortListCtrl.cpp" />
    <ClCompile Include="stdafx.cpp" />
    <ClCompile Include="SystemDlg.cpp" />
    <ClCompile Include="sys\CCreateTaskDlg.cpp" />
    <ClCompile Include="sys\CInjectCodeDlg.cpp" />
    <ClCompile Include="sys\MachineDlg.cpp" />
    <ClCompile Include="sys\ServiceInfoDlg.cpp" />
    <ClCompile Include="TalkDlg.cpp" />
    <ClCompile Include="TrueColorToolBar.cpp" />
    <ClCompile Include="VideoDlg.cpp" />
    <ClCompile Include="file\CFileManagerDlg.cpp">
      <Filter>file</Filter>
    </ClCompile>
    <ClCompile Include="file\CFileTransferModeDlg.cpp">
      <Filter>file</Filter>
    </ClCompile>
    <ClCompile Include="file\CFileListCtrl.cpp">
      <Filter>file</Filter>
    </ClCompile>
    <ClCompile Include="IOCPUDPServer.cpp" />
    <ClCompile Include="CDrawingBoard.cpp" />
    <ClCompile Include="IOCPKCPServer.cpp" />
    <ClCompile Include="..\..\common\ikcp.c" />
  </ItemGroup>
  <ItemGroup>
    <ClInclude Include="..\..\client\Audio.h" />
    <ClInclude Include="..\..\client\MemoryModule.h" />
    <ClInclude Include="..\..\common\aes.h" />
    <ClInclude Include="..\..\common\encrypt.h" />
    <ClInclude Include="..\..\common\iniFile.h" />
    <ClInclude Include="2015Remote.h" />
    <ClInclude Include="2015RemoteDlg.h" />
    <ClInclude Include="adapter.h" />
    <ClInclude Include="AudioDlg.h" />
    <ClInclude Include="Buffer.h" />
    <ClInclude Include="BuildDlg.h" />
    <ClInclude Include="Chat.h" />
    <ClInclude Include="CPasswordDlg.h" />
    <ClInclude Include="CTextDlg.h" />
    <ClInclude Include="DateVerify.h" />
    <ClInclude Include="DecryptDlg.h" />
    <ClInclude Include="EditDialog.h" />
    <ClInclude Include="FileManagerDlg.h" />
    <ClInclude Include="FileTransferModeDlg.h" />
    <ClInclude Include="HideScreenSpyDlg.h" />
    <ClInclude Include="InputDlg.h" />
    <ClInclude Include="IOCPServer.h" />
    <ClInclude Include="KeyBoardDlg.h" />
    <ClInclude Include="proxy\HPSocket.h" />
    <ClInclude Include="proxy\HPTypeDef.h" />
    <ClInclude Include="proxy\ProxyConnectServer.h" />
    <ClInclude Include="proxy\ProxyMapDlg.h" />
    <ClInclude Include="proxy\SocketInterface.h" />
    <ClInclude Include="pwd_gen.h" />
    <ClInclude Include="RegisterDlg.h" />
    <ClInclude Include="Resource.h" />
    <ClInclude Include="ScreenSpyDlg.h" />
    <ClInclude Include="ServicesDlg.h" />
    <ClInclude Include="SettingDlg.h" />
    <ClInclude Include="ShellDlg.h" />
    <ClInclude Include="SortListCtrl.h" />
    <ClInclude Include="stdafx.h" />
    <ClInclude Include="SystemDlg.h" />
    <ClInclude Include="sys\CCreateTaskDlg.h" />
    <ClInclude Include="sys\CInjectCodeDlg.h" />
    <ClInclude Include="sys\MachineDlg.h" />
    <ClInclude Include="sys\ServiceInfoDlg.h" />
    <ClInclude Include="TalkDlg.h" />
    <ClInclude Include="targetver.h" />
    <ClInclude Include="TrueColorToolBar.h" />
    <ClInclude Include="VideoDlg.h" />
    <ClInclude Include="zconf.h" />
    <ClInclude Include="zlib.h" />
    <ClInclude Include="file\CFileManagerDlg.h">
      <Filter>file</Filter>
    </ClInclude>
    <ClInclude Include="file\CFileTransferModeDlg.h">
      <Filter>file</Filter>
    </ClInclude>
    <ClInclude Include="file\CFileListCtrl.h">
      <Filter>file</Filter>
    </ClInclude>
    <ClInclude Include="IOCPUDPServer.h" />
    <ClInclude Include="Server.h" />
    <ClInclude Include="CDrawingBoard.h" />
    <ClInclude Include="IOCPKCPServer.h" />
    <ClInclude Include="..\..\common\ikcp.h" />
  </ItemGroup>
  <ItemGroup>
    <ResourceCompile Include="2015Remote.rc" />
  </ItemGroup>
  <ItemGroup>
    <Image Include="res\Bitmap\authorize.bmp" />
    <Image Include="res\Bitmap\DxgiDesktop.bmp" />
    <Image Include="res\Bitmap\GrayDesktop.bmp" />
    <Image Include="res\Bitmap\note.bmp" />
    <Image Include="res\Bitmap\proxy.bmp" />
    <Image Include="res\Bitmap\Share.bmp" />
    <Image Include="res\Bitmap\SpeedDesktop.bmp" />
    <Image Include="res\Bitmap\unauthorize.bmp" />
    <Image Include="res\Bitmap\VirtualDesktop.bmp" />
    <Image Include="res\Bitmap_4.bmp" />
    <Image Include="res\Bitmap_5.bmp" />
    <Image Include="res\chat.ico" />
    <Image Include="res\decrypt.ico" />
    <Image Include="res\delete.bmp" />
    <Image Include="res\keyboard.ico" />
    <Image Include="res\machine.ico" />
    <Image Include="res\password.ico" />
    <Image Include="res\proxifler.ico" />
    <Image Include="res\screen.ico" />
    <Image Include="res\system.ico" />
    <Image Include="res\toolbar1.bmp" />
    <Image Include="res\toolbar2.bmp" />
    <Image Include="res\update.bmp" />
    <Image Include="res\webcam.ico" />
    <Image Include="res\file\FILE.ico" />
    <Image Include="res\file\Icon_A.ico" />
    <Image Include="res\file\Icon_C.ico" />
    <Image Include="res\file\Icon_D.ico" />
    <Image Include="res\file\Icon_E.ico" />
    <Image Include="res\file\Icon_F.ico" />
    <Image Include="res\file\Icon_G.ico" />
    <Image Include="res\DrawingBoard.ico" />
    <Image Include="res\Bitmap\AssignTo.bmp" />
    <Image Include="res\Bitmap\AddWatch.bmp" />
    <Image Include="res\Bitmap\AdminRun.bmp" />
  </ItemGroup>
  <ItemGroup>
    <None Include="..\..\Release\ghost.exe" />
    <None Include="..\..\Release\ServerDll.dll" />
    <None Include="..\..\Release\TestRun.exe" />
    <None Include="..\..\Release\TinyRun.dll" />
    <None Include="..\..\x64\Release\ghost.exe" />
    <None Include="..\..\x64\Release\ServerDll.dll" />
    <None Include="..\..\x64\Release\TestRun.exe" />
    <None Include="..\..\x64\Release\TinyRun.dll" />
    <None Include="res\1.cur" />
    <None Include="res\2.cur" />
    <None Include="res\2015Remote.ico" />
    <None Include="res\3.cur" />
    <None Include="res\4.cur" />
    <None Include="res\arrow.cur" />
    <None Include="res\audio.ico" />
    <None Include="res\bitmap\bmp00001.bmp" />
    <None Include="res\Bitmap\Online.bmp" />
    <None Include="res\bitmap\toolbar1.bmp" />
    <None Include="res\Bitmap\ToolBar_File.bmp" />
    <None Include="res\Bitmap\ToolBar_Main.bmp" />
    <None Include="res\cmdshell.ico" />
    <None Include="res\cursor5.cur" />
    <None Include="res\Cur\Drag.cur" />
    <None Include="res\Cur\MutiDrag.cur" />
    <None Include="res\dword.ico" />
    <None Include="res\file.ico" />
    <None Include="res\My2015Remote.rc2" />
    <None Include="res\pc.ico" />
    <None Include="res\string.ico" />
    <None Include="res\upx.exe" />
    <None Include="res\frpc.dll" />
  </ItemGroup>
  <ItemGroup>
    <Text Include="..\..\ReadMe.md" />
  </ItemGroup>
  <ItemGroup>
    <Filter Include="file">
      <UniqueIdentifier>{17217547-dc35-4a87-859c-e8559529a909}</UniqueIdentifier>
    </Filter>
  </ItemGroup>
</Project>